Microsoft Visual Studio Solution File, Format Version 12.00
# Visual Studio 14
VisualStudioVersion = 14.0.25420.1
MinimumVisualStudioVersion = 10.0.40219.1
Project("{FAE04EC0-301F-11D3-BF4B-00C04F79EFBC}") = "RealmJson.Test.Droid", "RealmJson.Test.Droid\RealmJson.Test.Droid.csproj", "{AA082691-B917-4BF9-BCCE-B5F9AA2AABF5}"
EndProject
Project("{FAE04EC0-301F-11D3-BF4B-00C04F79EFBC}") = "SushiHangover.RealmJson", "RealmJson.Extensions\SushiHangover.RealmJson.csproj", "{CF4DC39D-4830-411B-97D2-D16076FDE2A3}"
EndProject
Project("{D954291E-2A0B-460D-934E-DC6B0785DB48}") = "RealmJson.Shared.Tests", "RealmJson.Shared.Tests\RealmJson.Shared.Tests.shproj", "{D9066F67-201C-48A9-BE53-39A8333E0B58}"
EndProject
Project("{FAE04EC0-301F-11D3-BF4B-00C04F79EFBC}") = "RealmJson.Test.iOS", "RealmJson.Test.iOS\RealmJson.Test.iOS.csproj", "{6B490442-5354-4A8E-9066-1AD030BF18DE}"
EndProject
Project("{2150E333-8FDC-42A3-9474-1A3956D46DE8}") = "Solution Items", "Solution Items", "{107F0B2C-9E27-4B12-B9D4-65DA834DF134}"
	ProjectSection(SolutionItems) = preProject
		..\appveyor.yml = ..\appveyor.yml
		..\build.cake = ..\build.cake
		..\build.ps1 = ..\build.ps1
		..\build.sh = ..\build.sh
		..\Doxygen\doxygen.config = ..\Doxygen\doxygen.config
		..\Doxygen\extra.css = ..\Doxygen\extra.css
		..\Doxygen\footer.html = ..\Doxygen\footer.html
		..\GitReleaseManager.yaml = ..\GitReleaseManager.yaml
		..\GitVersion.yml = ..\GitVersion.yml
		..\Doxygen\header.html = ..\Doxygen\header.html
		..\LICENSE = ..\LICENSE
		..\Perf.md = ..\Perf.md
		..\README.md = ..\README.md
		RealmJson.Extensions.nuspec = RealmJson.Extensions.nuspec
	EndProjectSection
EndProject
Project("{2150E333-8FDC-42A3-9474-1A3956D46DE8}") = "Nuget.Test", "Nuget.Test", "{66FF9BD8-BF3C-4767-840B-70261446819F}"
EndProject
Project("{FAE04EC0-301F-11D3-BF4B-00C04F79EFBC}") = "Nuget.Test", "Nuget.Test\Nuget.Test\Nuget.Test.csproj", "{2FF637D2-4DE1-4C62-803E-EEB098095178}"
EndProject
Project("{FAE04EC0-301F-11D3-BF4B-00C04F79EFBC}") = "Nuget.Test.iOS", "Nuget.Test\iOS\Nuget.Test.iOS.csproj", "{EE2E772F-FF0F-4A09-BF2C-3924F5CE5918}"
EndProject
Project("{FAE04EC0-301F-11D3-BF4B-00C04F79EFBC}") = "Nuget.Test.Droid", "Nuget.Test\Droid\Nuget.Test.Droid.csproj", "{58E06C09-DAA0-4652-8AFB-44D5DFAAFFAE}"
EndProject
Project("{2150E333-8FDC-42A3-9474-1A3956D46DE8}") = "Doxygen", "Doxygen", "{0877CB11-15BE-4D49-B1B9-E429988C8FC0}"
	ProjectSection(SolutionItems) = preProject
		..\Doxygen\doxygen.config = ..\Doxygen\doxygen.config
		..\Doxygen\extra.css = ..\Doxygen\extra.css
		..\Doxygen\footer.html = ..\Doxygen\footer.html
		..\Doxygen\header.html = ..\Doxygen\header.html
	EndProjectSection
EndProject
Global
	GlobalSection(SharedMSBuildProjectFiles) = preSolution
		RealmJson.Shared.Tests\RealmJson.Shared.Tests.projitems*{6b490442-5354-4a8e-9066-1ad030bf18de}*SharedItemsImports = 4
		RealmJson.Shared.Tests\RealmJson.Shared.Tests.projitems*{aa082691-b917-4bf9-bcce-b5f9aa2aabf5}*SharedItemsImports = 4
		RealmJson.Shared.Tests\RealmJson.Shared.Tests.projitems*{d9066f67-201c-48a9-be53-39a8333e0b58}*SharedItemsImports = 13
	EndGlobalSection
	GlobalSection(SolutionConfigurationPlatforms) = preSolution
		Debug|Any CPU = Debug|Any CPU
		Debug|iPhone = Debug|iPhone
		Debug|iPhoneSimulator = Debug|iPhoneSimulator
		Nuget.Droid.Debug|Any CPU = Nuget.Droid.Debug|Any CPU
		Nuget.Droid.Debug|iPhone = Nuget.Droid.Debug|iPhone
		Nuget.Droid.Debug|iPhoneSimulator = Nuget.Droid.Debug|iPhoneSimulator
		Nuget.Droid.Release|Any CPU = Nuget.Droid.Release|Any CPU
		Nuget.Droid.Release|iPhone = Nuget.Droid.Release|iPhone
		Nuget.Droid.Release|iPhoneSimulator = Nuget.Droid.Release|iPhoneSimulator
		Nuget.Droid|Any CPU = Nuget.Droid|Any CPU
		Nuget.Droid|iPhone = Nuget.Droid|iPhone
		Nuget.Droid|iPhoneSimulator = Nuget.Droid|iPhoneSimulator
		Release|Any CPU = Release|Any CPU
		Release|iPhone = Release|iPhone
		Release|iPhoneSimulator = Release|iPhoneSimulator
	EndGlobalSection
	GlobalSection(ProjectConfigurationPlatforms) = postSolution
		{AA082691-B917-4BF9-BCCE-B5F9AA2AABF5}.Debug|Any CPU.ActiveCfg = Debug|Any CPU
		{AA082691-B917-4BF9-BCCE-B5F9AA2AABF5}.Debug|Any CPU.Build.0 = Debug|Any CPU
		{AA082691-B917-4BF9-BCCE-B5F9AA2AABF5}.Debug|iPhone.ActiveCfg = Debug|Any CPU
		{AA082691-B917-4BF9-BCCE-B5F9AA2AABF5}.Debug|iPhone.Build.0 = Debug|Any CPU
		{AA082691-B917-4BF9-BCCE-B5F9AA2AABF5}.Debug|iPhoneSimulator.ActiveCfg = Debug|Any CPU
		{AA082691-B917-4BF9-BCCE-B5F9AA2AABF5}.Debug|iPhoneSimulator.Build.0 = Debug|Any CPU
		{AA082691-B917-4BF9-BCCE-B5F9AA2AABF5}.Nuget.Droid.Debug|Any CPU.ActiveCfg = NugetRelease|Any CPU
		{AA082691-B917-4BF9-BCCE-B5F9AA2AABF5}.Nuget.Droid.Debug|Any CPU.Build.0 = NugetRelease|Any CPU
		{AA082691-B917-4BF9-BCCE-B5F9AA2AABF5}.Nuget.Droid.Debug|Any CPU.Deploy.0 = NugetRelease|Any CPU
		{AA082691-B917-4BF9-BCCE-B5F9AA2AABF5}.Nuget.Droid.Debug|iPhone.ActiveCfg = NugetRelease|Any CPU
		{AA082691-B917-4BF9-BCCE-B5F9AA2AABF5}.Nuget.Droid.Debug|iPhone.Build.0 = NugetRelease|Any CPU
		{AA082691-B917-4BF9-BCCE-B5F9AA2AABF5}.Nuget.Droid.Debug|iPhone.Deploy.0 = NugetRelease|Any CPU
		{AA082691-B917-4BF9-BCCE-B5F9AA2AABF5}.Nuget.Droid.Debug|iPhoneSimulator.ActiveCfg = NugetRelease|Any CPU
		{AA082691-B917-4BF9-BCCE-B5F9AA2AABF5}.Nuget.Droid.Debug|iPhoneSimulator.Build.0 = NugetRelease|Any CPU
		{AA082691-B917-4BF9-BCCE-B5F9AA2AABF5}.Nuget.Droid.Debug|iPhoneSimulator.Deploy.0 = NugetRelease|Any CPU
		{AA082691-B917-4BF9-BCCE-B5F9AA2AABF5}.Nuget.Droid.Release|Any CPU.ActiveCfg = Release|Any CPU
		{AA082691-B917-4BF9-BCCE-B5F9AA2AABF5}.Nuget.Droid.Release|Any CPU.Build.0 = Release|Any CPU
		{AA082691-B917-4BF9-BCCE-B5F9AA2AABF5}.Nuget.Droid.Release|Any CPU.Deploy.0 = Release|Any CPU
		{AA082691-B917-4BF9-BCCE-B5F9AA2AABF5}.Nuget.Droid.Release|iPhone.ActiveCfg = Release|Any CPU
		{AA082691-B917-4BF9-BCCE-B5F9AA2AABF5}.Nuget.Droid.Release|iPhone.Build.0 = Release|Any CPU
		{AA082691-B917-4BF9-BCCE-B5F9AA2AABF5}.Nuget.Droid.Release|iPhone.Deploy.0 = Release|Any CPU
		{AA082691-B917-4BF9-BCCE-B5F9AA2AABF5}.Nuget.Droid.Release|iPhoneSimulator.ActiveCfg = Release|Any CPU
		{AA082691-B917-4BF9-BCCE-B5F9AA2AABF5}.Nuget.Droid.Release|iPhoneSimulator.Build.0 = Release|Any CPU
		{AA082691-B917-4BF9-BCCE-B5F9AA2AABF5}.Nuget.Droid.Release|iPhoneSimulator.Deploy.0 = Release|Any CPU
		{AA082691-B917-4BF9-BCCE-B5F9AA2AABF5}.Nuget.Droid|Any CPU.ActiveCfg = NugetRelease|Any CPU
		{AA082691-B917-4BF9-BCCE-B5F9AA2AABF5}.Nuget.Droid|Any CPU.Build.0 = NugetRelease|Any CPU
		{AA082691-B917-4BF9-BCCE-B5F9AA2AABF5}.Nuget.Droid|Any CPU.Deploy.0 = NugetRelease|Any CPU
		{AA082691-B917-4BF9-BCCE-B5F9AA2AABF5}.Nuget.Droid|iPhone.ActiveCfg = NugetRelease|Any CPU
		{AA082691-B917-4BF9-BCCE-B5F9AA2AABF5}.Nuget.Droid|iPhone.Build.0 = NugetRelease|Any CPU
		{AA082691-B917-4BF9-BCCE-B5F9AA2AABF5}.Nuget.Droid|iPhone.Deploy.0 = NugetRelease|Any CPU
		{AA082691-B917-4BF9-BCCE-B5F9AA2AABF5}.Nuget.Droid|iPhoneSimulator.ActiveCfg = NugetRelease|Any CPU
		{AA082691-B917-4BF9-BCCE-B5F9AA2AABF5}.Nuget.Droid|iPhoneSimulator.Build.0 = NugetRelease|Any CPU
		{AA082691-B917-4BF9-BCCE-B5F9AA2AABF5}.Nuget.Droid|iPhoneSimulator.Deploy.0 = NugetRelease|Any CPU
		{AA082691-B917-4BF9-BCCE-B5F9AA2AABF5}.Release|Any CPU.ActiveCfg = Release|Any CPU
		{AA082691-B917-4BF9-BCCE-B5F9AA2AABF5}.Release|iPhone.ActiveCfg = Release|Any CPU
		{AA082691-B917-4BF9-BCCE-B5F9AA2AABF5}.Release|iPhone.Build.0 = Release|Any CPU
		{AA082691-B917-4BF9-BCCE-B5F9AA2AABF5}.Release|iPhoneSimulator.ActiveCfg = Release|Any CPU
		{AA082691-B917-4BF9-BCCE-B5F9AA2AABF5}.Release|iPhoneSimulator.Build.0 = Release|Any CPU
		{CF4DC39D-4830-411B-97D2-D16076FDE2A3}.Debug|Any CPU.ActiveCfg = Debug|Any CPU
		{CF4DC39D-4830-411B-97D2-D16076FDE2A3}.Debug|Any CPU.Build.0 = Debug|Any CPU
		{CF4DC39D-4830-411B-97D2-D16076FDE2A3}.Debug|iPhone.ActiveCfg = Debug|Any CPU
		{CF4DC39D-4830-411B-97D2-D16076FDE2A3}.Debug|iPhone.Build.0 = Debug|Any CPU
		{CF4DC39D-4830-411B-97D2-D16076FDE2A3}.Debug|iPhoneSimulator.ActiveCfg = Debug|Any CPU
		{CF4DC39D-4830-411B-97D2-D16076FDE2A3}.Debug|iPhoneSimulator.Build.0 = Debug|Any CPU
		{CF4DC39D-4830-411B-97D2-D16076FDE2A3}.Nuget.Droid.Debug|Any CPU.ActiveCfg = NugetRelease|Any CPU
		{CF4DC39D-4830-411B-97D2-D16076FDE2A3}.Nuget.Droid.Debug|Any CPU.Build.0 = NugetRelease|Any CPU
		{CF4DC39D-4830-411B-97D2-D16076FDE2A3}.Nuget.Droid.Debug|iPhone.ActiveCfg = NugetRelease|Any CPU
		{CF4DC39D-4830-411B-97D2-D16076FDE2A3}.Nuget.Droid.Debug|iPhone.Build.0 = NugetRelease|Any CPU
		{CF4DC39D-4830-411B-97D2-D16076FDE2A3}.Nuget.Droid.Debug|iPhoneSimulator.ActiveCfg = NugetRelease|Any CPU
		{CF4DC39D-4830-411B-97D2-D16076FDE2A3}.Nuget.Droid.Debug|iPhoneSimulator.Build.0 = NugetRelease|Any CPU
		{CF4DC39D-4830-411B-97D2-D16076FDE2A3}.Nuget.Droid.Release|Any CPU.ActiveCfg = Release|Any CPU
		{CF4DC39D-4830-411B-97D2-D16076FDE2A3}.Nuget.Droid.Release|Any CPU.Build.0 = Release|Any CPU
		{CF4DC39D-4830-411B-97D2-D16076FDE2A3}.Nuget.Droid.Release|iPhone.ActiveCfg = Release|Any CPU
		{CF4DC39D-4830-411B-97D2-D16076FDE2A3}.Nuget.Droid.Release|iPhone.Build.0 = Release|Any CPU
		{CF4DC39D-4830-411B-97D2-D16076FDE2A3}.Nuget.Droid.Release|iPhoneSimulator.ActiveCfg = Release|Any CPU
		{CF4DC39D-4830-411B-97D2-D16076FDE2A3}.Nuget.Droid.Release|iPhoneSimulator.Build.0 = Release|Any CPU
		{CF4DC39D-4830-411B-97D2-D16076FDE2A3}.Nuget.Droid|Any CPU.ActiveCfg = NugetRelease|Any CPU
		{CF4DC39D-4830-411B-97D2-D16076FDE2A3}.Nuget.Droid|Any CPU.Build.0 = NugetRelease|Any CPU
		{CF4DC39D-4830-411B-97D2-D16076FDE2A3}.Nuget.Droid|iPhone.ActiveCfg = NugetRelease|Any CPU
		{CF4DC39D-4830-411B-97D2-D16076FDE2A3}.Nuget.Droid|iPhone.Build.0 = NugetRelease|Any CPU
		{CF4DC39D-4830-411B-97D2-D16076FDE2A3}.Nuget.Droid|iPhoneSimulator.ActiveCfg = NugetRelease|Any CPU
		{CF4DC39D-4830-411B-97D2-D16076FDE2A3}.Nuget.Droid|iPhoneSimulator.Build.0 = NugetRelease|Any CPU
		{CF4DC39D-4830-411B-97D2-D16076FDE2A3}.Release|Any CPU.ActiveCfg = Release|Any CPU
		{CF4DC39D-4830-411B-97D2-D16076FDE2A3}.Release|Any CPU.Build.0 = Release|Any CPU
		{CF4DC39D-4830-411B-97D2-D16076FDE2A3}.Release|iPhone.ActiveCfg = Release|Any CPU
		{CF4DC39D-4830-411B-97D2-D16076FDE2A3}.Release|iPhone.Build.0 = Release|Any CPU
		{CF4DC39D-4830-411B-97D2-D16076FDE2A3}.Release|iPhoneSimulator.ActiveCfg = Release|Any CPU
		{CF4DC39D-4830-411B-97D2-D16076FDE2A3}.Release|iPhoneSimulator.Build.0 = Release|Any CPU
		{6B490442-5354-4A8E-9066-1AD030BF18DE}.Debug|Any CPU.ActiveCfg = Debug|iPhoneSimulator
		{6B490442-5354-4A8E-9066-1AD030BF18DE}.Debug|Any CPU.Build.0 = Debug|iPhoneSimulator
		{6B490442-5354-4A8E-9066-1AD030BF18DE}.Debug|iPhone.ActiveCfg = Debug|iPhone
		{6B490442-5354-4A8E-9066-1AD030BF18DE}.Debug|iPhone.Build.0 = Debug|iPhone
		{6B490442-5354-4A8E-9066-1AD030BF18DE}.Debug|iPhoneSimulator.ActiveCfg = Debug|iPhoneSimulator
		{6B490442-5354-4A8E-9066-1AD030BF18DE}.Debug|iPhoneSimulator.Build.0 = Debug|iPhoneSimulator
		{6B490442-5354-4A8E-9066-1AD030BF18DE}.Nuget.Droid.Debug|Any CPU.ActiveCfg = Release|iPhoneSimulator
		{6B490442-5354-4A8E-9066-1AD030BF18DE}.Nuget.Droid.Debug|Any CPU.Build.0 = Release|iPhoneSimulator
		{6B490442-5354-4A8E-9066-1AD030BF18DE}.Nuget.Droid.Debug|iPhone.ActiveCfg = Debug|iPhone
		{6B490442-5354-4A8E-9066-1AD030BF18DE}.Nuget.Droid.Debug|iPhone.Build.0 = Debug|iPhone
		{6B490442-5354-4A8E-9066-1AD030BF18DE}.Nuget.Droid.Debug|iPhoneSimulator.ActiveCfg = Debug|iPhoneSimulator
		{6B490442-5354-4A8E-9066-1AD030BF18DE}.Nuget.Droid.Debug|iPhoneSimulator.Build.0 = Debug|iPhoneSimulator
		{6B490442-5354-4A8E-9066-1AD030BF18DE}.Nuget.Droid.Release|Any CPU.ActiveCfg = Release|iPhoneSimulator
		{6B490442-5354-4A8E-9066-1AD030BF18DE}.Nuget.Droid.Release|Any CPU.Build.0 = Release|iPhoneSimulator
		{6B490442-5354-4A8E-9066-1AD030BF18DE}.Nuget.Droid.Release|iPhone.ActiveCfg = Release|iPhone
		{6B490442-5354-4A8E-9066-1AD030BF18DE}.Nuget.Droid.Release|iPhone.Build.0 = Release|iPhone
		{6B490442-5354-4A8E-9066-1AD030BF18DE}.Nuget.Droid.Release|iPhoneSimulator.ActiveCfg = Release|iPhoneSimulator
		{6B490442-5354-4A8E-9066-1AD030BF18DE}.Nuget.Droid.Release|iPhoneSimulator.Build.0 = Release|iPhoneSimulator
		{6B490442-5354-4A8E-9066-1AD030BF18DE}.Nuget.Droid|Any CPU.ActiveCfg = Release|iPhoneSimulator
		{6B490442-5354-4A8E-9066-1AD030BF18DE}.Nuget.Droid|Any CPU.Build.0 = Release|iPhoneSimulator
		{6B490442-5354-4A8E-9066-1AD030BF18DE}.Nuget.Droid|iPhone.ActiveCfg = Release|iPhone
		{6B490442-5354-4A8E-9066-1AD030BF18DE}.Nuget.Droid|iPhone.Build.0 = Release|iPhone
		{6B490442-5354-4A8E-9066-1AD030BF18DE}.Nuget.Droid|iPhoneSimulator.ActiveCfg = Release|iPhoneSimulator
		{6B490442-5354-4A8E-9066-1AD030BF18DE}.Nuget.Droid|iPhoneSimulator.Build.0 = Release|iPhoneSimulator
		{6B490442-5354-4A8E-9066-1AD030BF18DE}.Release|Any CPU.ActiveCfg = Release|iPhone
		{6B490442-5354-4A8E-9066-1AD030BF18DE}.Release|iPhone.ActiveCfg = Release|iPhone
		{6B490442-5354-4A8E-9066-1AD030BF18DE}.Release|iPhone.Build.0 = Release|iPhone
		{6B490442-5354-4A8E-9066-1AD030BF18DE}.Release|iPhoneSimulator.ActiveCfg = Release|iPhoneSimulator
		{6B490442-5354-4A8E-9066-1AD030BF18DE}.Release|iPhoneSimulator.Build.0 = Release|iPhoneSimulator
		{2FF637D2-4DE1-4C62-803E-EEB098095178}.Debug|Any CPU.ActiveCfg = Debug|Any CPU
		{2FF637D2-4DE1-4C62-803E-EEB098095178}.Debug|iPhone.ActiveCfg = Debug|Any CPU
		{2FF637D2-4DE1-4C62-803E-EEB098095178}.Debug|iPhone.Build.0 = Debug|Any CPU
		{2FF637D2-4DE1-4C62-803E-EEB098095178}.Debug|iPhoneSimulator.ActiveCfg = Debug|Any CPU
		{2FF637D2-4DE1-4C62-803E-EEB098095178}.Debug|iPhoneSimulator.Build.0 = Debug|Any CPU
		{2FF637D2-4DE1-4C62-803E-EEB098095178}.Nuget.Droid.Debug|Any CPU.ActiveCfg = Debug|Any CPU
		{2FF637D2-4DE1-4C62-803E-EEB098095178}.Nuget.Droid.Debug|Any CPU.Build.0 = Debug|Any CPU
		{2FF637D2-4DE1-4C62-803E-EEB098095178}.Nuget.Droid.Debug|iPhone.ActiveCfg = Debug|Any CPU
		{2FF637D2-4DE1-4C62-803E-EEB098095178}.Nuget.Droid.Debug|iPhone.Build.0 = Debug|Any CPU
		{2FF637D2-4DE1-4C62-803E-EEB098095178}.Nuget.Droid.Debug|iPhoneSimulator.ActiveCfg = Debug|Any CPU
		{2FF637D2-4DE1-4C62-803E-EEB098095178}.Nuget.Droid.Debug|iPhoneSimulator.Build.0 = Debug|Any CPU
		{2FF637D2-4DE1-4C62-803E-EEB098095178}.Nuget.Droid.Release|Any CPU.ActiveCfg = Release|Any CPU
		{2FF637D2-4DE1-4C62-803E-EEB098095178}.Nuget.Droid.Release|Any CPU.Build.0 = Release|Any CPU
		{2FF637D2-4DE1-4C62-803E-EEB098095178}.Nuget.Droid.Release|iPhone.ActiveCfg = Release|Any CPU
		{2FF637D2-4DE1-4C62-803E-EEB098095178}.Nuget.Droid.Release|iPhone.Build.0 = Release|Any CPU
		{2FF637D2-4DE1-4C62-803E-EEB098095178}.Nuget.Droid.Release|iPhoneSimulator.ActiveCfg = Release|Any CPU
		{2FF637D2-4DE1-4C62-803E-EEB098095178}.Nuget.Droid.Release|iPhoneSimulator.Build.0 = Release|Any CPU
		{2FF637D2-4DE1-4C62-803E-EEB098095178}.Nuget.Droid|Any CPU.ActiveCfg = Release|Any CPU
		{2FF637D2-4DE1-4C62-803E-EEB098095178}.Nuget.Droid|Any CPU.Build.0 = Release|Any CPU
		{2FF637D2-4DE1-4C62-803E-EEB098095178}.Nuget.Droid|iPhone.ActiveCfg = Release|Any CPU
		{2FF637D2-4DE1-4C62-803E-EEB098095178}.Nuget.Droid|iPhone.Build.0 = Release|Any CPU
		{2FF637D2-4DE1-4C62-803E-EEB098095178}.Nuget.Droid|iPhoneSimulator.ActiveCfg = Release|Any CPU
		{2FF637D2-4DE1-4C62-803E-EEB098095178}.Nuget.Droid|iPhoneSimulator.Build.0 = Release|Any CPU
		{2FF637D2-4DE1-4C62-803E-EEB098095178}.Release|Any CPU.ActiveCfg = Release|Any CPU
		{2FF637D2-4DE1-4C62-803E-EEB098095178}.Release|iPhone.ActiveCfg = Release|Any CPU
		{2FF637D2-4DE1-4C62-803E-EEB098095178}.Release|iPhone.Build.0 = Release|Any CPU
		{2FF637D2-4DE1-4C62-803E-EEB098095178}.Release|iPhoneSimulator.ActiveCfg = Release|Any CPU
		{2FF637D2-4DE1-4C62-803E-EEB098095178}.Release|iPhoneSimulator.Build.0 = Release|Any CPU
		{EE2E772F-FF0F-4A09-BF2C-3924F5CE5918}.Debug|Any CPU.ActiveCfg = Debug|iPhoneSimulator
		{EE2E772F-FF0F-4A09-BF2C-3924F5CE5918}.Debug|iPhone.ActiveCfg = Debug|iPhone
		{EE2E772F-FF0F-4A09-BF2C-3924F5CE5918}.Debug|iPhone.Build.0 = Debug|iPhone
		{EE2E772F-FF0F-4A09-BF2C-3924F5CE5918}.Debug|iPhoneSimulator.ActiveCfg = Debug|iPhoneSimulator
		{EE2E772F-FF0F-4A09-BF2C-3924F5CE5918}.Debug|iPhoneSimulator.Build.0 = Debug|iPhoneSimulator
		{EE2E772F-FF0F-4A09-BF2C-3924F5CE5918}.Nuget.Droid.Debug|Any CPU.ActiveCfg = Release|iPhoneSimulator
		{EE2E772F-FF0F-4A09-BF2C-3924F5CE5918}.Nuget.Droid.Debug|Any CPU.Build.0 = Release|iPhoneSimulator
		{EE2E772F-FF0F-4A09-BF2C-3924F5CE5918}.Nuget.Droid.Debug|iPhone.ActiveCfg = Debug|iPhone
		{EE2E772F-FF0F-4A09-BF2C-3924F5CE5918}.Nuget.Droid.Debug|iPhone.Build.0 = Debug|iPhone
		{EE2E772F-FF0F-4A09-BF2C-3924F5CE5918}.Nuget.Droid.Debug|iPhoneSimulator.ActiveCfg = Debug|iPhoneSimulator
		{EE2E772F-FF0F-4A09-BF2C-3924F5CE5918}.Nuget.Droid.Debug|iPhoneSimulator.Build.0 = Debug|iPhoneSimulator
		{EE2E772F-FF0F-4A09-BF2C-3924F5CE5918}.Nuget.Droid.Release|Any CPU.ActiveCfg = Release|iPhoneSimulator
		{EE2E772F-FF0F-4A09-BF2C-3924F5CE5918}.Nuget.Droid.Release|Any CPU.Build.0 = Release|iPhoneSimulator
		{EE2E772F-FF0F-4A09-BF2C-3924F5CE5918}.Nuget.Droid.Release|iPhone.ActiveCfg = Release|iPhone
		{EE2E772F-FF0F-4A09-BF2C-3924F5CE5918}.Nuget.Droid.Release|iPhone.Build.0 = Release|iPhone
		{EE2E772F-FF0F-4A09-BF2C-3924F5CE5918}.Nuget.Droid.Release|iPhoneSimulator.ActiveCfg = Release|iPhoneSimulator
		{EE2E772F-FF0F-4A09-BF2C-3924F5CE5918}.Nuget.Droid.Release|iPhoneSimulator.Build.0 = Release|iPhoneSimulator
		{EE2E772F-FF0F-4A09-BF2C-3924F5CE5918}.Nuget.Droid|Any CPU.ActiveCfg = Release|iPhoneSimulator
		{EE2E772F-FF0F-4A09-BF2C-3924F5CE5918}.Nuget.Droid|Any CPU.Build.0 = Release|iPhoneSimulator
		{EE2E772F-FF0F-4A09-BF2C-3924F5CE5918}.Nuget.Droid|iPhone.ActiveCfg = Release|iPhone
		{EE2E772F-FF0F-4A09-BF2C-3924F5CE5918}.Nuget.Droid|iPhone.Build.0 = Release|iPhone
		{EE2E772F-FF0F-4A09-BF2C-3924F5CE5918}.Nuget.Droid|iPhoneSimulator.ActiveCfg = Release|iPhoneSimulator
		{EE2E772F-FF0F-4A09-BF2C-3924F5CE5918}.Nuget.Droid|iPhoneSimulator.Build.0 = Release|iPhoneSimulator
		{EE2E772F-FF0F-4A09-BF2C-3924F5CE5918}.Release|Any CPU.ActiveCfg = Release|iPhone
		{EE2E772F-FF0F-4A09-BF2C-3924F5CE5918}.Release|iPhone.ActiveCfg = Release|iPhone
		{EE2E772F-FF0F-4A09-BF2C-3924F5CE5918}.Release|iPhone.Build.0 = Release|iPhone
		{EE2E772F-FF0F-4A09-BF2C-3924F5CE5918}.Release|iPhoneSimulator.ActiveCfg = Release|iPhoneSimulator
		{EE2E772F-FF0F-4A09-BF2C-3924F5CE5918}.Release|iPhoneSimulator.Build.0 = Release|iPhoneSimulator
		{58E06C09-DAA0-4652-8AFB-44D5DFAAFFAE}.Debug|Any CPU.ActiveCfg = Debug|Any CPU
		{58E06C09-DAA0-4652-8AFB-44D5DFAAFFAE}.Debug|iPhone.ActiveCfg = Debug|Any CPU
		{58E06C09-DAA0-4652-8AFB-44D5DFAAFFAE}.Debug|iPhone.Build.0 = Debug|Any CPU
		{58E06C09-DAA0-4652-8AFB-44D5DFAAFFAE}.Debug|iPhoneSimulator.ActiveCfg = Debug|Any CPU
		{58E06C09-DAA0-4652-8AFB-44D5DFAAFFAE}.Debug|iPhoneSimulator.Build.0 = Debug|Any CPU
		{58E06C09-DAA0-4652-8AFB-44D5DFAAFFAE}.Nuget.Droid.Debug|Any CPU.ActiveCfg = Debug|Any CPU
		{58E06C09-DAA0-4652-8AFB-44D5DFAAFFAE}.Nuget.Droid.Debug|Any CPU.Build.0 = Debug|Any CPU
		{58E06C09-DAA0-4652-8AFB-44D5DFAAFFAE}.Nuget.Droid.Debug|iPhone.ActiveCfg = Debug|Any CPU
		{58E06C09-DAA0-4652-8AFB-44D5DFAAFFAE}.Nuget.Droid.Debug|iPhone.Build.0 = Debug|Any CPU
		{58E06C09-DAA0-4652-8AFB-44D5DFAAFFAE}.Nuget.Droid.Debug|iPhone.Deploy.0 = Debug|Any CPU
		{58E06C09-DAA0-4652-8AFB-44D5DFAAFFAE}.Nuget.Droid.Debug|iPhoneSimulator.ActiveCfg = Debug|Any CPU
		{58E06C09-DAA0-4652-8AFB-44D5DFAAFFAE}.Nuget.Droid.Debug|iPhoneSimulator.Build.0 = Debug|Any CPU
		{58E06C09-DAA0-4652-8AFB-44D5DFAAFFAE}.Nuget.Droid.Debug|iPhoneSimulator.Deploy.0 = Debug|Any CPU
		{58E06C09-DAA0-4652-8AFB-44D5DFAAFFAE}.Nuget.Droid.Release|Any CPU.ActiveCfg = Release|Any CPU
		{58E06C09-DAA0-4652-8AFB-44D5DFAAFFAE}.Nuget.Droid.Release|Any CPU.Build.0 = Release|Any CPU
		{58E06C09-DAA0-4652-8AFB-44D5DFAAFFAE}.Nuget.Droid.Release|iPhone.ActiveCfg = Release|Any CPU
		{58E06C09-DAA0-4652-8AFB-44D5DFAAFFAE}.Nuget.Droid.Release|iPhone.Build.0 = Release|Any CPU
		{58E06C09-DAA0-4652-8AFB-44D5DFAAFFAE}.Nuget.Droid.Release|iPhone.Deploy.0 = Release|Any CPU
		{58E06C09-DAA0-4652-8AFB-44D5DFAAFFAE}.Nuget.Droid.Release|iPhoneSimulator.ActiveCfg = Release|Any CPU
		{58E06C09-DAA0-4652-8AFB-44D5DFAAFFAE}.Nuget.Droid.Release|iPhoneSimulator.Build.0 = Release|Any CPU
		{58E06C09-DAA0-4652-8AFB-44D5DFAAFFAE}.Nuget.Droid.Release|iPhoneSimulator.Deploy.0 = Release|Any CPU
		{58E06C09-DAA0-4652-8AFB-44D5DFAAFFAE}.Nuget.Droid|Any CPU.ActiveCfg = Release|Any CPU
		{58E06C09-DAA0-4652-8AFB-44D5DFAAFFAE}.Nuget.Droid|Any CPU.Build.0 = Release|Any CPU
		{58E06C09-DAA0-4652-8AFB-44D5DFAAFFAE}.Nuget.Droid|Any CPU.Deploy.0 = Release|Any CPU
		{58E06C09-DAA0-4652-8AFB-44D5DFAAFFAE}.Nuget.Droid|iPhone.ActiveCfg = Release|Any CPU
		{58E06C09-DAA0-4652-8AFB-44D5DFAAFFAE}.Nuget.Droid|iPhone.Build.0 = Release|Any CPU
		{58E06C09-DAA0-4652-8AFB-44D5DFAAFFAE}.Nuget.Droid|iPhone.Deploy.0 = Release|Any CPU
		{58E06C09-DAA0-4652-8AFB-44D5DFAAFFAE}.Nuget.Droid|iPhoneSimulator.ActiveCfg = Release|Any CPU
		{58E06C09-DAA0-4652-8AFB-44D5DFAAFFAE}.Nuget.Droid|iPhoneSimulator.Build.0 = Release|Any CPU
		{58E06C09-DAA0-4652-8AFB-44D5DFAAFFAE}.Nuget.Droid|iPhoneSimulator.Deploy.0 = Release|Any CPU
		{58E06C09-DAA0-4652-8AFB-44D5DFAAFFAE}.Release|Any CPU.ActiveCfg = Release|Any CPU
		{58E06C09-DAA0-4652-8AFB-44D5DFAAFFAE}.Release|iPhone.ActiveCfg = Release|Any CPU
		{58E06C09-DAA0-4652-8AFB-44D5DFAAFFAE}.Release|iPhone.Build.0 = Release|Any CPU
		{58E06C09-DAA0-4652-8AFB-44D5DFAAFFAE}.Release|iPhoneSimulator.ActiveCfg = Release|Any CPU
		{58E06C09-DAA0-4652-8AFB-44D5DFAAFFAE}.Release|iPhoneSimulator.Build.0 = Release|Any CPU
	EndGlobalSection
	GlobalSection(SolutionProperties) = preSolution
		HideSolutionNode = FALSE
	EndGlobalSection
	GlobalSection(NestedProjects) = preSolution
		{2FF637D2-4DE1-4C62-803E-EEB098095178} = {66FF9BD8-BF3C-4767-840B-70261446819F}
		{EE2E772F-FF0F-4A09-BF2C-3924F5CE5918} = {66FF9BD8-BF3C-4767-840B-70261446819F}
		{58E06C09-DAA0-4652-8AFB-44D5DFAAFFAE} = {66FF9BD8-BF3C-4767-840B-70261446819F}
	EndGlobalSection
	GlobalSection(MonoDevelopProperties) = preSolution
		description = Extension Methods for adding JSON APIs to a Realm Instance
		version = 1.1.0
	EndGlobalSection
EndGlobal
